
Microsoft Visual Studio Solution File, Format Version 12.00
# Visual Studio Version 16
VisualStudioVersion = 16.0.30907.101
MinimumVisualStudioVersion = 10.0.40219.1
Project("{FAE04EC0-301F-11D3-BF4B-00C04F79EFBC}") = "XUnitTestProject1", "XUnitTestProject1\XUnitTestProject1.csproj", "{31761119-CDB8-47E6-B726-57AC4D94C522}"
EndProject
Project("{FAE04EC0-301F-11D3-BF4B-00C04F79EFBC}") = "Test.Service", "Test.Service\Test.Service.csproj", "{02139E67-F301-4F74-A448-7F6736268710}"
EndProject
Global
	GlobalSection(SolutionConfigurationPlatforms) = preSolution
		Debug|Any CPU = Debug|Any CPU
		Release|Any CPU = Release|Any CPU
	EndGlobalSection
	GlobalSection(ProjectConfigurationPlatforms) = postSolution
		{31761119-CDB8-47E6-B726-57AC4D94C522}.Debug|Any CPU.ActiveCfg = Debug|Any CPU
		{31761119-CDB8-47E6-B726-57AC4D94C522}.Debug|Any CPU.Build.0 = Debug|Any CPU
		{31761119-CDB8-47E6-B726-57AC4D94C522}.Release|Any CPU.ActiveCfg = Release|Any CPU
		{31761119-CDB8-47E6-B726-57AC4D94C522}.Release|Any CPU.Build.0 = Release|Any CPU
		{02139E67-F301-4F74-A448-7F6736268710}.Debug|Any CPU.ActiveCfg = Debug|Any CPU
		{02139E67-F301-4F74-A448-7F6736268710}.Debug|Any CPU.Build.0 = Debug|Any CPU
		{02139E67-F301-4F74-A448-7F6736268710}.Release|Any CPU.ActiveCfg = Release|Any CPU
		{02139E67-F301-4F74-A448-7F6736268710}.Release|Any CPU.Build.0 = Release|Any CPU
	EndGlobalSection
	GlobalSection(SolutionProperties) = preSolution
		HideSolutionNode = FALSE
	EndGlobalSection
	GlobalSection(ExtensibilityGlobals) = postSolution
		SolutionGuid = {E09D764B-44B6-4466-942E-5DAF167BB10F}
	EndGlobalSection
EndGlobal
